
Microsoft Visual Studio Solution File, Format Version 12.00
# Visual Studio Version 17
VisualStudioVersion = 17.5.33627.172
MinimumVisualStudioVersion = 10.0.40219.1
Project("{9A19103F-16F7-4668-BE54-9A1E7A4F7556}") = "SetNetworkPermissions", "SetNetworkPermissions\SetNetworkPermissions.csproj", "{FF57CAEA-63F3-4F4F-9252-734796B74731}"
EndProject
Project("{9A19103F-16F7-4668-BE54-9A1E7A4F7556}") = "Remote Server", "Remote Server\Remote Server.csproj", "{15D5962B-2A5E-4B07-98B6-D4D4A888F9B7}"
EndProject
Project("{2150E333-8FDC-42A3-9474-1A3956D46DE8}") = "Solution Items", "Solution Items", "{0B2836E8-6FC8-4616-8E83-CBCEB4E01784}"
	ProjectSection(SolutionItems) = preProject
		.editorconfig = .editorconfig
		Remote Server Key.snk = Remote Server Key.snk
	EndProjectSection
EndProject
Global
	GlobalSection(SolutionConfigurationPlatforms) = preSolution
		Debug|Any CPU = Debug|Any CPU
		Debug|x86 = Debug|x86
		Release|Any CPU = Release|Any CPU
		Release|x86 = Release|x86
	EndGlobalSection
	GlobalSection(ProjectConfigurationPlatforms) = postSolution
		{FF57CAEA-63F3-4F4F-9252-734796B74731}.Debug|Any CPU.ActiveCfg = Debug|Any CPU
		{FF57CAEA-63F3-4F4F-9252-734796B74731}.Debug|Any CPU.Build.0 = Debug|Any CPU
		{FF57CAEA-63F3-4F4F-9252-734796B74731}.Debug|x86.ActiveCfg = Debug|x86
		{FF57CAEA-63F3-4F4F-9252-734796B74731}.Debug|x86.Build.0 = Debug|x86
		{FF57CAEA-63F3-4F4F-9252-734796B74731}.Release|Any CPU.ActiveCfg = Release|Any CPU
		{FF57CAEA-63F3-4F4F-9252-734796B74731}.Release|Any CPU.Build.0 = Release|Any CPU
		{FF57CAEA-63F3-4F4F-9252-734796B74731}.Release|x86.ActiveCfg = Release|x86
		{FF57CAEA-63F3-4F4F-9252-734796B74731}.Release|x86.Build.0 = Release|x86
		{15D5962B-2A5E-4B07-98B6-D4D4A888F9B7}.Debug|Any CPU.ActiveCfg = Debug|Any CPU
		{15D5962B-2A5E-4B07-98B6-D4D4A888F9B7}.Debug|Any CPU.Build.0 = Debug|Any CPU
		{15D5962B-2A5E-4B07-98B6-D4D4A888F9B7}.Debug|x86.ActiveCfg = Debug|x86
		{15D5962B-2A5E-4B07-98B6-D4D4A888F9B7}.Debug|x86.Build.0 = Debug|x86
		{15D5962B-2A5E-4B07-98B6-D4D4A888F9B7}.Release|Any CPU.ActiveCfg = Release|Any CPU
		{15D5962B-2A5E-4B07-98B6-D4D4A888F9B7}.Release|Any CPU.Build.0 = Release|Any CPU
		{15D5962B-2A5E-4B07-98B6-D4D4A888F9B7}.Release|x86.ActiveCfg = Release|x86
		{15D5962B-2A5E-4B07-98B6-D4D4A888F9B7}.Release|x86.Build.0 = Release|x86
	EndGlobalSection
	GlobalSection(SolutionProperties) = preSolution
		HideSolutionNode = FALSE
	EndGlobalSection
	GlobalSection(ExtensibilityGlobals) = postSolution
		SolutionGuid = {171EDC5A-81C8-4545-BB43-723B4AE9B622}
	EndGlobalSection
EndGlobal
