
Microsoft Visual Studio Solution File, Format Version 12.00
# Visual Studio 15
VisualStudioVersion = 15.0.26730.16
MinimumVisualStudioVersion = 10.0.40219.1
Project("{2150E333-8FDC-42A3-9474-1A3956D46DE8}") = "Devices", "Devices", "{C375AA07-FA9A-4720-96F5-2B23DF4567F2}"
EndProject
Project("{FAE04EC0-301F-11D3-BF4B-00C04F79EFBC}") = "SetNetworkPermissions", "SetNetworkPermissions\SetNetworkPermissions.csproj", "{FF57CAEA-63F3-4F4F-9252-734796B74731}"
EndProject
Project("{FAE04EC0-301F-11D3-BF4B-00C04F79EFBC}") = "Remote Client Local Server", "Remote Client Local Server\Remote Client Local Server.csproj", "{3689A2CB-94C5-4012-A5CF-7E7D1DD27143}"
EndProject
Project("{FAE04EC0-301F-11D3-BF4B-00C04F79EFBC}") = "ASCOM REST Server", "ASCOM REST Server\ASCOM REST Server.csproj", "{15D5962B-2A5E-4B07-98B6-D4D4A888F9B7}"
EndProject
Project("{FAE04EC0-301F-11D3-BF4B-00C04F79EFBC}") = "Device Base Classes", "Remote Client Device Base Classes\Device Base Classes.csproj", "{C7605D43-D11A-4891-A32D-FD5AB6E74772}"
EndProject
Project("{FAE04EC0-301F-11D3-BF4B-00C04F79EFBC}") = "Remote Client Camera Device 1", "Remote Client Camera Device 1\Remote Client Camera Device 1.csproj", "{06679176-7962-42CE-A7A5-B1297B9FD03B}"
EndProject
Project("{FAE04EC0-301F-11D3-BF4B-00C04F79EFBC}") = "Remote Client Camera Device 2", "Remote Client Camera Device 2\Remote Client Camera Device 2.csproj", "{9919FFD3-5CB8-4717-B45B-2952E863E555}"
EndProject
Project("{FAE04EC0-301F-11D3-BF4B-00C04F79EFBC}") = "Remote Client Dome Device 1", "Remote Client Dome Device 1\Remote Client Dome Device 1.csproj", "{80F1C74E-0286-44D8-B709-E94848D983E5}"
EndProject
Project("{FAE04EC0-301F-11D3-BF4B-00C04F79EFBC}") = "Remote Client Dome Device 2", "Remote Client Dome Device 2\Remote Client Dome Device 2.csproj", "{08231D28-47EA-47AD-A8E7-EB57285C4246}"
EndProject
Project("{FAE04EC0-301F-11D3-BF4B-00C04F79EFBC}") = "Remote Client FilterWheel Device 1", "Remote Client FilterWheel Device 1\Remote Client FilterWheel Device 1.csproj", "{68493476-DCB0-4158-AEDD-60A52D1F74BF}"
EndProject
Project("{FAE04EC0-301F-11D3-BF4B-00C04F79EFBC}") = "Remote Client FilterWheel Device 2", "Remote Client FilterWheel Device 2\Remote Client FilterWheel Device 2.csproj", "{0BD6BD32-6856-47A1-9617-7C2CB07A63F5}"
EndProject
Project("{FAE04EC0-301F-11D3-BF4B-00C04F79EFBC}") = "Remote Client ObservingConditions Device 1", "Remote Client ObservingConditions Device 1\Remote Client ObservingConditions Device 1.csproj", "{5464389A-F571-42E7-8D11-7BD83A85E75D}"
EndProject
Project("{FAE04EC0-301F-11D3-BF4B-00C04F79EFBC}") = "Remote Client ObservingConditions Device 2", "Remote Client ObservingConditions Device 2\Remote Client ObservingConditions Device 2.csproj", "{3AFE58B9-BC57-401A-AC2C-5B828FD5BDBE}"
EndProject
Project("{FAE04EC0-301F-11D3-BF4B-00C04F79EFBC}") = "Remote Client Rotator Device 1", "Remote Client Rotator Device 1\Remote Client Rotator Device 1.csproj", "{1942C8A7-713D-4A5A-BC18-0BB8A88F2BCD}"
EndProject
Project("{FAE04EC0-301F-11D3-BF4B-00C04F79EFBC}") = "Remote Client Rotator Device 2", "Remote Client Rotator Device 2\Remote Client Rotator Device 2.csproj", "{6851E82D-D1A7-400C-8F8D-9288FFA186C4}"
EndProject
Project("{FAE04EC0-301F-11D3-BF4B-00C04F79EFBC}") = "Remote Client SafetyMonitor Device 1", "Remote Client SafetyMonitor Device 1\Remote Client SafetyMonitor Device 1.csproj", "{52A53799-6252-4C9F-B0D7-CA4C19294AA0}"
EndProject
Project("{FAE04EC0-301F-11D3-BF4B-00C04F79EFBC}") = "Remote Client SafetyMonitor Device 2", "Remote Client SafetyMonitor Device 2\Remote Client SafetyMonitor Device 2.csproj", "{2FDA56AA-A63B-4391-9130-8D2130C719CB}"
EndProject
Project("{FAE04EC0-301F-11D3-BF4B-00C04F79EFBC}") = "Remote Client Switch Device 1", "Remote Client Switch Device 1\Remote Client Switch Device 1.csproj", "{5E3DF246-628E-4784-BD04-EFCBCFC52D51}"
EndProject
Project("{FAE04EC0-301F-11D3-BF4B-00C04F79EFBC}") = "Remote Client Switch Device 2", "Remote Client Switch Device 2\Remote Client Switch Device 2.csproj", "{EF4B3317-B1E1-42FD-80CD-CC3367C973E6}"
EndProject
Project("{FAE04EC0-301F-11D3-BF4B-00C04F79EFBC}") = "Remote Client Telescope Device 1", "Remote Client Telescope Device 1\Remote Client Telescope Device 1.csproj", "{C7273EC6-232F-41C1-8790-9B7ECF24055B}"
EndProject
Project("{FAE04EC0-301F-11D3-BF4B-00C04F79EFBC}") = "Remote Client Telescope Device 2", "Remote Client Telescope Device 2\Remote Client Telescope Device 2.csproj", "{4D3E69E6-FAEB-4DE8-B253-C03342CAA1CA}"
EndProject
Global
	GlobalSection(SolutionConfigurationPlatforms) = preSolution
		Debug|Any CPU = Debug|Any CPU
		Release|Any CPU = Release|Any CPU
	EndGlobalSection
	GlobalSection(ProjectConfigurationPlatforms) = postSolution
		{FF57CAEA-63F3-4F4F-9252-734796B74731}.Debug|Any CPU.ActiveCfg = Debug|Any CPU
		{FF57CAEA-63F3-4F4F-9252-734796B74731}.Debug|Any CPU.Build.0 = Debug|Any CPU
		{FF57CAEA-63F3-4F4F-9252-734796B74731}.Release|Any CPU.ActiveCfg = Release|Any CPU
		{FF57CAEA-63F3-4F4F-9252-734796B74731}.Release|Any CPU.Build.0 = Release|Any CPU
		{3689A2CB-94C5-4012-A5CF-7E7D1DD27143}.Debug|Any CPU.ActiveCfg = Debug|Any CPU
		{3689A2CB-94C5-4012-A5CF-7E7D1DD27143}.Debug|Any CPU.Build.0 = Debug|Any CPU
		{3689A2CB-94C5-4012-A5CF-7E7D1DD27143}.Release|Any CPU.ActiveCfg = Release|Any CPU
		{3689A2CB-94C5-4012-A5CF-7E7D1DD27143}.Release|Any CPU.Build.0 = Release|Any CPU
		{15D5962B-2A5E-4B07-98B6-D4D4A888F9B7}.Debug|Any CPU.ActiveCfg = Debug|Any CPU
		{15D5962B-2A5E-4B07-98B6-D4D4A888F9B7}.Debug|Any CPU.Build.0 = Debug|Any CPU
		{15D5962B-2A5E-4B07-98B6-D4D4A888F9B7}.Release|Any CPU.ActiveCfg = Release|Any CPU
		{15D5962B-2A5E-4B07-98B6-D4D4A888F9B7}.Release|Any CPU.Build.0 = Release|Any CPU
		{C7605D43-D11A-4891-A32D-FD5AB6E74772}.Debug|Any CPU.ActiveCfg = Debug|Any CPU
		{C7605D43-D11A-4891-A32D-FD5AB6E74772}.Debug|Any CPU.Build.0 = Debug|Any CPU
		{C7605D43-D11A-4891-A32D-FD5AB6E74772}.Release|Any CPU.ActiveCfg = Release|Any CPU
		{C7605D43-D11A-4891-A32D-FD5AB6E74772}.Release|Any CPU.Build.0 = Release|Any CPU
		{06679176-7962-42CE-A7A5-B1297B9FD03B}.Debug|Any CPU.ActiveCfg = Debug|Any CPU
		{06679176-7962-42CE-A7A5-B1297B9FD03B}.Debug|Any CPU.Build.0 = Debug|Any CPU
		{06679176-7962-42CE-A7A5-B1297B9FD03B}.Release|Any CPU.ActiveCfg = Release|Any CPU
		{06679176-7962-42CE-A7A5-B1297B9FD03B}.Release|Any CPU.Build.0 = Release|Any CPU
		{9919FFD3-5CB8-4717-B45B-2952E863E555}.Debug|Any CPU.ActiveCfg = Debug|Any CPU
		{9919FFD3-5CB8-4717-B45B-2952E863E555}.Debug|Any CPU.Build.0 = Debug|Any CPU
		{9919FFD3-5CB8-4717-B45B-2952E863E555}.Release|Any CPU.ActiveCfg = Release|Any CPU
		{9919FFD3-5CB8-4717-B45B-2952E863E555}.Release|Any CPU.Build.0 = Release|Any CPU
		{80F1C74E-0286-44D8-B709-E94848D983E5}.Debug|Any CPU.ActiveCfg = Debug|Any CPU
		{80F1C74E-0286-44D8-B709-E94848D983E5}.Debug|Any CPU.Build.0 = Debug|Any CPU
		{80F1C74E-0286-44D8-B709-E94848D983E5}.Release|Any CPU.ActiveCfg = Release|Any CPU
		{80F1C74E-0286-44D8-B709-E94848D983E5}.Release|Any CPU.Build.0 = Release|Any CPU
		{08231D28-47EA-47AD-A8E7-EB57285C4246}.Debug|Any CPU.ActiveCfg = Debug|Any CPU
		{08231D28-47EA-47AD-A8E7-EB57285C4246}.Debug|Any CPU.Build.0 = Debug|Any CPU
		{08231D28-47EA-47AD-A8E7-EB57285C4246}.Release|Any CPU.ActiveCfg = Release|Any CPU
		{08231D28-47EA-47AD-A8E7-EB57285C4246}.Release|Any CPU.Build.0 = Release|Any CPU
		{68493476-DCB0-4158-AEDD-60A52D1F74BF}.Debug|Any CPU.ActiveCfg = Debug|Any CPU
		{68493476-DCB0-4158-AEDD-60A52D1F74BF}.Debug|Any CPU.Build.0 = Debug|Any CPU
		{68493476-DCB0-4158-AEDD-60A52D1F74BF}.Release|Any CPU.ActiveCfg = Release|Any CPU
		{68493476-DCB0-4158-AEDD-60A52D1F74BF}.Release|Any CPU.Build.0 = Release|Any CPU
		{0BD6BD32-6856-47A1-9617-7C2CB07A63F5}.Debug|Any CPU.ActiveCfg = Debug|Any CPU
		{0BD6BD32-6856-47A1-9617-7C2CB07A63F5}.Debug|Any CPU.Build.0 = Debug|Any CPU
		{0BD6BD32-6856-47A1-9617-7C2CB07A63F5}.Release|Any CPU.ActiveCfg = Release|Any CPU
		{0BD6BD32-6856-47A1-9617-7C2CB07A63F5}.Release|Any CPU.Build.0 = Release|Any CPU
		{5464389A-F571-42E7-8D11-7BD83A85E75D}.Debug|Any CPU.ActiveCfg = Debug|Any CPU
		{5464389A-F571-42E7-8D11-7BD83A85E75D}.Debug|Any CPU.Build.0 = Debug|Any CPU
		{5464389A-F571-42E7-8D11-7BD83A85E75D}.Release|Any CPU.ActiveCfg = Release|Any CPU
		{5464389A-F571-42E7-8D11-7BD83A85E75D}.Release|Any CPU.Build.0 = Release|Any CPU
		{3AFE58B9-BC57-401A-AC2C-5B828FD5BDBE}.Debug|Any CPU.ActiveCfg = Debug|Any CPU
		{3AFE58B9-BC57-401A-AC2C-5B828FD5BDBE}.Debug|Any CPU.Build.0 = Debug|Any CPU
		{3AFE58B9-BC57-401A-AC2C-5B828FD5BDBE}.Release|Any CPU.ActiveCfg = Release|Any CPU
		{3AFE58B9-BC57-401A-AC2C-5B828FD5BDBE}.Release|Any CPU.Build.0 = Release|Any CPU
		{1942C8A7-713D-4A5A-BC18-0BB8A88F2BCD}.Debug|Any CPU.ActiveCfg = Debug|Any CPU
		{1942C8A7-713D-4A5A-BC18-0BB8A88F2BCD}.Debug|Any CPU.Build.0 = Debug|Any CPU
		{1942C8A7-713D-4A5A-BC18-0BB8A88F2BCD}.Release|Any CPU.ActiveCfg = Release|Any CPU
		{1942C8A7-713D-4A5A-BC18-0BB8A88F2BCD}.Release|Any CPU.Build.0 = Release|Any CPU
		{6851E82D-D1A7-400C-8F8D-9288FFA186C4}.Debug|Any CPU.ActiveCfg = Debug|Any CPU
		{6851E82D-D1A7-400C-8F8D-9288FFA186C4}.Debug|Any CPU.Build.0 = Debug|Any CPU
		{6851E82D-D1A7-400C-8F8D-9288FFA186C4}.Release|Any CPU.ActiveCfg = Release|Any CPU
		{6851E82D-D1A7-400C-8F8D-9288FFA186C4}.Release|Any CPU.Build.0 = Release|Any CPU
		{52A53799-6252-4C9F-B0D7-CA4C19294AA0}.Debug|Any CPU.ActiveCfg = Debug|Any CPU
		{52A53799-6252-4C9F-B0D7-CA4C19294AA0}.Debug|Any CPU.Build.0 = Debug|Any CPU
		{52A53799-6252-4C9F-B0D7-CA4C19294AA0}.Release|Any CPU.ActiveCfg = Release|Any CPU
		{52A53799-6252-4C9F-B0D7-CA4C19294AA0}.Release|Any CPU.Build.0 = Release|Any CPU
		{2FDA56AA-A63B-4391-9130-8D2130C719CB}.Debug|Any CPU.ActiveCfg = Debug|Any CPU
		{2FDA56AA-A63B-4391-9130-8D2130C719CB}.Debug|Any CPU.Build.0 = Debug|Any CPU
		{2FDA56AA-A63B-4391-9130-8D2130C719CB}.Release|Any CPU.ActiveCfg = Release|Any CPU
		{2FDA56AA-A63B-4391-9130-8D2130C719CB}.Release|Any CPU.Build.0 = Release|Any CPU
		{5E3DF246-628E-4784-BD04-EFCBCFC52D51}.Debug|Any CPU.ActiveCfg = Debug|Any CPU
		{5E3DF246-628E-4784-BD04-EFCBCFC52D51}.Debug|Any CPU.Build.0 = Debug|Any CPU
		{5E3DF246-628E-4784-BD04-EFCBCFC52D51}.Release|Any CPU.ActiveCfg = Release|Any CPU
		{5E3DF246-628E-4784-BD04-EFCBCFC52D51}.Release|Any CPU.Build.0 = Release|Any CPU
		{EF4B3317-B1E1-42FD-80CD-CC3367C973E6}.Debug|Any CPU.ActiveCfg = Debug|Any CPU
		{EF4B3317-B1E1-42FD-80CD-CC3367C973E6}.Debug|Any CPU.Build.0 = Debug|Any CPU
		{EF4B3317-B1E1-42FD-80CD-CC3367C973E6}.Release|Any CPU.ActiveCfg = Release|Any CPU
		{EF4B3317-B1E1-42FD-80CD-CC3367C973E6}.Release|Any CPU.Build.0 = Release|Any CPU
		{C7273EC6-232F-41C1-8790-9B7ECF24055B}.Debug|Any CPU.ActiveCfg = Debug|Any CPU
		{C7273EC6-232F-41C1-8790-9B7ECF24055B}.Debug|Any CPU.Build.0 = Debug|Any CPU
		{C7273EC6-232F-41C1-8790-9B7ECF24055B}.Release|Any CPU.ActiveCfg = Release|Any CPU
		{C7273EC6-232F-41C1-8790-9B7ECF24055B}.Release|Any CPU.Build.0 = Release|Any CPU
		{4D3E69E6-FAEB-4DE8-B253-C03342CAA1CA}.Debug|Any CPU.ActiveCfg = Debug|Any CPU
		{4D3E69E6-FAEB-4DE8-B253-C03342CAA1CA}.Debug|Any CPU.Build.0 = Debug|Any CPU
		{4D3E69E6-FAEB-4DE8-B253-C03342CAA1CA}.Release|Any CPU.ActiveCfg = Release|Any CPU
		{4D3E69E6-FAEB-4DE8-B253-C03342CAA1CA}.Release|Any CPU.Build.0 = Release|Any CPU
	EndGlobalSection
	GlobalSection(SolutionProperties) = preSolution
		HideSolutionNode = FALSE
	EndGlobalSection
	GlobalSection(NestedProjects) = preSolution
		{C7605D43-D11A-4891-A32D-FD5AB6E74772} = {C375AA07-FA9A-4720-96F5-2B23DF4567F2}
		{06679176-7962-42CE-A7A5-B1297B9FD03B} = {C375AA07-FA9A-4720-96F5-2B23DF4567F2}
		{9919FFD3-5CB8-4717-B45B-2952E863E555} = {C375AA07-FA9A-4720-96F5-2B23DF4567F2}
		{80F1C74E-0286-44D8-B709-E94848D983E5} = {C375AA07-FA9A-4720-96F5-2B23DF4567F2}
		{08231D28-47EA-47AD-A8E7-EB57285C4246} = {C375AA07-FA9A-4720-96F5-2B23DF4567F2}
		{68493476-DCB0-4158-AEDD-60A52D1F74BF} = {C375AA07-FA9A-4720-96F5-2B23DF4567F2}
		{0BD6BD32-6856-47A1-9617-7C2CB07A63F5} = {C375AA07-FA9A-4720-96F5-2B23DF4567F2}
		{5464389A-F571-42E7-8D11-7BD83A85E75D} = {C375AA07-FA9A-4720-96F5-2B23DF4567F2}
		{3AFE58B9-BC57-401A-AC2C-5B828FD5BDBE} = {C375AA07-FA9A-4720-96F5-2B23DF4567F2}
		{1942C8A7-713D-4A5A-BC18-0BB8A88F2BCD} = {C375AA07-FA9A-4720-96F5-2B23DF4567F2}
		{6851E82D-D1A7-400C-8F8D-9288FFA186C4} = {C375AA07-FA9A-4720-96F5-2B23DF4567F2}
		{52A53799-6252-4C9F-B0D7-CA4C19294AA0} = {C375AA07-FA9A-4720-96F5-2B23DF4567F2}
		{2FDA56AA-A63B-4391-9130-8D2130C719CB} = {C375AA07-FA9A-4720-96F5-2B23DF4567F2}
		{5E3DF246-628E-4784-BD04-EFCBCFC52D51} = {C375AA07-FA9A-4720-96F5-2B23DF4567F2}
		{EF4B3317-B1E1-42FD-80CD-CC3367C973E6} = {C375AA07-FA9A-4720-96F5-2B23DF4567F2}
		{C7273EC6-232F-41C1-8790-9B7ECF24055B} = {C375AA07-FA9A-4720-96F5-2B23DF4567F2}
		{4D3E69E6-FAEB-4DE8-B253-C03342CAA1CA} = {C375AA07-FA9A-4720-96F5-2B23DF4567F2}
	EndGlobalSection
	GlobalSection(ExtensibilityGlobals) = postSolution
		SolutionGuid = {171EDC5A-81C8-4545-BB43-723B4AE9B622}
	EndGlobalSection
EndGlobal
